
Microsoft Visual Studio Solution File, Format Version 12.00
# Visual Studio Version 18
VisualStudioVersion = 18.0.11222.15
MinimumVisualStudioVersion = 10.0.40219.1
Project("{FAE04EC0-301F-11D3-BF4B-00C04F79EFBC}") = "CarePlusApi", "CarePlusApi.csproj", "{DE79FAAC-8655-9F7E-62F0-BFEE7002D2DB}"
EndProject
Project("{FAE04EC0-301F-11D3-BF4B-00C04F79EFBC}") = "CarePlusApi.Tests", "CarePlusApi.Tests\CarePlusApi.Tests.csproj", "{6AADCC66-E8E8-417B-BAA0-E9B4A6B10DF2}"
EndProject
Global
	GlobalSection(SolutionConfigurationPlatforms) = preSolution
		Debug|Any CPU = Debug|Any CPU
		Debug|x64 = Debug|x64
		Debug|x86 = Debug|x86
		Release|Any CPU = Release|Any CPU
		Release|x64 = Release|x64
		Release|x86 = Release|x86
	EndGlobalSection
	GlobalSection(ProjectConfigurationPlatforms) = postSolution
		{DE79FAAC-8655-9F7E-62F0-BFEE7002D2DB}.Debug|Any CPU.ActiveCfg = Debug|Any CPU
		{DE79FAAC-8655-9F7E-62F0-BFEE7002D2DB}.Debug|Any CPU.Build.0 = Debug|Any CPU
		{DE79FAAC-8655-9F7E-62F0-BFEE7002D2DB}.Debug|x64.ActiveCfg = Debug|Any CPU
		{DE79FAAC-8655-9F7E-62F0-BFEE7002D2DB}.Debug|x64.Build.0 = Debug|Any CPU
		{DE79FAAC-8655-9F7E-62F0-BFEE7002D2DB}.Debug|x86.ActiveCfg = Debug|Any CPU
		{DE79FAAC-8655-9F7E-62F0-BFEE7002D2DB}.Debug|x86.Build.0 = Debug|Any CPU
		{DE79FAAC-8655-9F7E-62F0-BFEE7002D2DB}.Release|Any CPU.ActiveCfg = Release|Any CPU
		{DE79FAAC-8655-9F7E-62F0-BFEE7002D2DB}.Release|Any CPU.Build.0 = Release|Any CPU
		{DE79FAAC-8655-9F7E-62F0-BFEE7002D2DB}.Release|x64.ActiveCfg = Release|Any CPU
		{DE79FAAC-8655-9F7E-62F0-BFEE7002D2DB}.Release|x64.Build.0 = Release|Any CPU
		{DE79FAAC-8655-9F7E-62F0-BFEE7002D2DB}.Release|x86.ActiveCfg = Release|Any CPU
		{DE79FAAC-8655-9F7E-62F0-BFEE7002D2DB}.Release|x86.Build.0 = Release|Any CPU
		{6AADCC66-E8E8-417B-BAA0-E9B4A6B10DF2}.Debug|Any CPU.ActiveCfg = Debug|Any CPU
		{6AADCC66-E8E8-417B-BAA0-E9B4A6B10DF2}.Debug|Any CPU.Build.0 = Debug|Any CPU
		{6AADCC66-E8E8-417B-BAA0-E9B4A6B10DF2}.Debug|x64.ActiveCfg = Debug|Any CPU
		{6AADCC66-E8E8-417B-BAA0-E9B4A6B10DF2}.Debug|x64.Build.0 = Debug|Any CPU
		{6AADCC66-E8E8-417B-BAA0-E9B4A6B10DF2}.Debug|x86.ActiveCfg = Debug|Any CPU
		{6AADCC66-E8E8-417B-BAA0-E9B4A6B10DF2}.Debug|x86.Build.0 = Debug|Any CPU
		{6AADCC66-E8E8-417B-BAA0-E9B4A6B10DF2}.Release|Any CPU.ActiveCfg = Release|Any CPU
		{6AADCC66-E8E8-417B-BAA0-E9B4A6B10DF2}.Release|Any CPU.Build.0 = Release|Any CPU
		{6AADCC66-E8E8-417B-BAA0-E9B4A6B10DF2}.Release|x64.ActiveCfg = Release|Any CPU
		{6AADCC66-E8E8-417B-BAA0-E9B4A6B10DF2}.Release|x64.Build.0 = Release|Any CPU
		{6AADCC66-E8E8-417B-BAA0-E9B4A6B10DF2}.Release|x86.ActiveCfg = Release|Any CPU
		{6AADCC66-E8E8-417B-BAA0-E9B4A6B10DF2}.Release|x86.Build.0 = Release|Any CPU
	EndGlobalSection
	GlobalSection(SolutionProperties) = preSolution
		HideSolutionNode = FALSE
	EndGlobalSection
	GlobalSection(ExtensibilityGlobals) = postSolution
		SolutionGuid = {29DE28A7-4458-42A8-BBDF-F0A89AE3C23F}
	EndGlobalSection
EndGlobal
